
Microsoft Visual Studio Solution File, Format Version 12.00
# Visual Studio Version 16
VisualStudioVersion = 16.0.30320.27
MinimumVisualStudioVersion = 10.0.40219.1
Project("{FAE04EC0-301F-11D3-BF4B-00C04F79EFBC}") = "WebApi_EF_Core_ForFun", "WebApi_EF_Core_ForFun\WebApi_EF_Core_ForFun.csproj", "{0FB980EC-7FE5-4E43-A7CA-7649456A6EFC}"
EndProject
Global
	GlobalSection(SolutionConfigurationPlatforms) = preSolution
		Debug|Any CPU = Debug|Any CPU
		Release|Any CPU = Release|Any CPU
	EndGlobalSection
	GlobalSection(ProjectConfigurationPlatforms) = postSolution
		{0FB980EC-7FE5-4E43-A7CA-7649456A6EFC}.Debug|Any CPU.ActiveCfg = Debug|Any CPU
		{0FB980EC-7FE5-4E43-A7CA-7649456A6EFC}.Debug|Any CPU.Build.0 = Debug|Any CPU
		{0FB980EC-7FE5-4E43-A7CA-7649456A6EFC}.Release|Any CPU.ActiveCfg = Release|Any CPU
		{0FB980EC-7FE5-4E43-A7CA-7649456A6EFC}.Release|Any CPU.Build.0 = Release|Any CPU
	EndGlobalSection
	GlobalSection(SolutionProperties) = preSolution
		HideSolutionNode = FALSE
	EndGlobalSection
	GlobalSection(ExtensibilityGlobals) = postSolution
		SolutionGuid = {99A989A5-E510-4D96-B7B9-25A134F5986A}
	EndGlobalSection
EndGlobal
